{
  "version": "5",
  "specifiers": {
    "jsr:@david/console-static-text@~0.3.4": "0.3.4",
    "jsr:@david/dax@0.50": "0.50.0",
    "jsr:@david/gagen@0.7": "0.7.0",
    "jsr:@david/path@~0.3.2": "0.3.3",
    "jsr:@david/path@~0.3.3": "0.3.3",
    "jsr:@david/shell@0.7": "0.7.0",
    "jsr:@david/which@~0.7.3": "0.7.3",
    "jsr:@std/bytes@^1.0.6": "1.0.6",
    "jsr:@std/fmt@1": "1.0.10",
    "jsr:@std/internal@^1.0.14": "1.0.14",
    "jsr:@std/io@0.225": "0.225.3",
    "jsr:@std/path@1": "1.1.6",
    "jsr:@std/path@^1.1.6": "1.1.6",
    "jsr:@std/yaml@^1.1.2": "1.1.2"
  },
  "jsr": {
    "@david/console-static-text@0.3.4": {
      "integrity": "1c596f500b075ff3c8bab1d328ca7148a88067fd9a506b16a73eeaf230c229fd"
    },
    "@david/dax@0.50.0": {
      "integrity": "a933f3b60aa1343ac069f17c946e4807b64ebfcdc3f5541b805f3d7237c568c2",
      "dependencies": [
        "jsr:@david/console-static-text",
        "jsr:@david/path@~0.3.2",
        "jsr:@david/shell"
      ]
    },
    "@david/gagen@0.7.0": {
      "integrity": "5f1a853fffc7ce0546cd2159d36708774b66a72da07b400599dcd7e7d712cf3c",
      "dependencies": [
        "jsr:@std/yaml"
      ]
    },
    "@david/path@0.3.3": {
      "integrity": "19887b1c4ff36d1719b1697b4c10071853f13a85cf60e8713f6a6947e86271b0",
      "dependencies": [
        "jsr:@std/path@^1.1.6"
      ]
    },
    "@david/shell@0.7.0": {
      "integrity": "320f6f9584c3ce582428a969457a7cf110891b66151ac11a83c78b760b3641d4",
      "dependencies": [
        "jsr:@david/console-static-text",
        "jsr:@david/path@~0.3.3",
        "jsr:@david/which",
        "jsr:@std/fmt",
        "jsr:@std/io",
        "jsr:@std/path@1"
      ]
    },
    "@david/which@0.7.3": {
      "integrity": "ad6697179c4a153b774c59d06ebc056c4f87a9c27117ff74eecb120c245a2aea"
    },
    "@std/bytes@1.0.6": {
      "integrity": "f6ac6adbd8ccd99314045f5703e23af0a68d7f7e58364b47d2c7f408aeb5820a"
    },
    "@std/fmt@1.0.10": {
      "integrity": "90dfba288802ac6de82fb31d0917eb9e4450b9925b954d5e51fc29ac07419db5"
    },
    "@std/internal@1.0.14": {
      "integrity": "291516b3d4c35024d6ffbc0a9df5bf4c64116e05b50012cf846710152d2ffdf7"
    },
    "@std/io@0.225.3": {
      "integrity": "27b07b591384d12d7b568f39e61dff966b8230559122df1e9fd11cc068f7ddd1",
      "dependencies": [
        "jsr:@std/bytes"
      ]
    },
    "@std/path@1.1.6": {
      "integrity": "c68485c2a4dfbb5ae3cc74fae4e8c4e5d874cf8a8ed12927917235c758b46cbe",
      "dependencies": [
        "jsr:@std/internal"
      ]
    },
    "@std/yaml@1.1.2": {
      "integrity": "de612653c036749ba2044165e316f52412b0f0698afffb7ee80b5331d6d2abae"
    }
  },
  "workspace": {
    "dependencies": [
      "jsr:@david/dax@0.50",
      "jsr:@david/gagen@0.7"
    ]
  }
}
